
Microsoft Visual Studio Solution File, Format Version 11.00
# Visual Studio 2010
Project("{FAE04EC0-301F-11D3-BF4B-00C04F79EFBC}") = "AsyncPrimes", "AsyncPrimes\AsyncPrimes.csproj", "{AB6B3670-2BE7-4B09-8109-3CAA6810D367}"
EndProject
Project("{FAE04EC0-301F-11D3-BF4B-00C04F79EFBC}") = "GenericApp", "GenericApp\GenericApp.csproj", "{44D91ADD-9030-4AA1-A0DF-C816FFD0EB00}"
EndProject
Project("{FAE04EC0-301F-11D3-BF4B-00C04F79EFBC}") = "CustomAttributes", "CustomAttributes\CustomAttributes.csproj", "{C623823B-78B4-4334-A440-382B30BC1657}"
EndProject
Project("{FAE04EC0-301F-11D3-BF4B-00C04F79EFBC}") = "ParallelPrimes", "ParallelPrimes\ParallelPrimes.csproj", "{6E63643A-D25A-47A8-ABFA-8C673DD812BD}"
EndProject
Project("{FAE04EC0-301F-11D3-BF4B-00C04F79EFBC}") = "MailSystem", "MailSystem\MailSystem.csproj", "{05C8B62C-E33A-49CA-BEE7-79178747C553}"
EndProject
Global
	GlobalSection(SolutionConfigurationPlatforms) = preSolution
		Debug|Any CPU = Debug|Any CPU
		Debug|Mixed Platforms = Debug|Mixed Platforms
		Debug|x86 = Debug|x86
		Release|Any CPU = Release|Any CPU
		Release|Mixed Platforms = Release|Mixed Platforms
		Release|x86 = Release|x86
	EndGlobalSection
	GlobalSection(ProjectConfigurationPlatforms) = postSolution
		{AB6B3670-2BE7-4B09-8109-3CAA6810D367}.Debug|Any CPU.ActiveCfg = Debug|x86
		{AB6B3670-2BE7-4B09-8109-3CAA6810D367}.Debug|Mixed Platforms.ActiveCfg = Debug|x86
		{AB6B3670-2BE7-4B09-8109-3CAA6810D367}.Debug|Mixed Platforms.Build.0 = Debug|x86
		{AB6B3670-2BE7-4B09-8109-3CAA6810D367}.Debug|x86.ActiveCfg = Debug|x86
		{AB6B3670-2BE7-4B09-8109-3CAA6810D367}.Debug|x86.Build.0 = Debug|x86
		{AB6B3670-2BE7-4B09-8109-3CAA6810D367}.Release|Any CPU.ActiveCfg = Release|x86
		{AB6B3670-2BE7-4B09-8109-3CAA6810D367}.Release|Mixed Platforms.ActiveCfg = Release|x86
		{AB6B3670-2BE7-4B09-8109-3CAA6810D367}.Release|Mixed Platforms.Build.0 = Release|x86
		{AB6B3670-2BE7-4B09-8109-3CAA6810D367}.Release|x86.ActiveCfg = Release|x86
		{AB6B3670-2BE7-4B09-8109-3CAA6810D367}.Release|x86.Build.0 = Release|x86
		{44D91ADD-9030-4AA1-A0DF-C816FFD0EB00}.Debug|Any CPU.ActiveCfg = Debug|Any CPU
		{44D91ADD-9030-4AA1-A0DF-C816FFD0EB00}.Debug|Any CPU.Build.0 = Debug|Any CPU
		{44D91ADD-9030-4AA1-A0DF-C816FFD0EB00}.Debug|Mixed Platforms.ActiveCfg = Debug|Any CPU
		{44D91ADD-9030-4AA1-A0DF-C816FFD0EB00}.Debug|Mixed Platforms.Build.0 = Debug|Any CPU
		{44D91ADD-9030-4AA1-A0DF-C816FFD0EB00}.Debug|x86.ActiveCfg = Debug|Any CPU
		{44D91ADD-9030-4AA1-A0DF-C816FFD0EB00}.Release|Any CPU.ActiveCfg = Release|Any CPU
		{44D91ADD-9030-4AA1-A0DF-C816FFD0EB00}.Release|Any CPU.Build.0 = Release|Any CPU
		{44D91ADD-9030-4AA1-A0DF-C816FFD0EB00}.Release|Mixed Platforms.ActiveCfg = Release|Any CPU
		{44D91ADD-9030-4AA1-A0DF-C816FFD0EB00}.Release|Mixed Platforms.Build.0 = Release|Any CPU
		{44D91ADD-9030-4AA1-A0DF-C816FFD0EB00}.Release|x86.ActiveCfg = Release|Any CPU
		{C623823B-78B4-4334-A440-382B30BC1657}.Debug|Any CPU.ActiveCfg = Debug|Any CPU
		{C623823B-78B4-4334-A440-382B30BC1657}.Debug|Any CPU.Build.0 = Debug|Any CPU
		{C623823B-78B4-4334-A440-382B30BC1657}.Debug|Mixed Platforms.ActiveCfg = Debug|Any CPU
		{C623823B-78B4-4334-A440-382B30BC1657}.Debug|Mixed Platforms.Build.0 = Debug|Any CPU
		{C623823B-78B4-4334-A440-382B30BC1657}.Debug|x86.ActiveCfg = Debug|Any CPU
		{C623823B-78B4-4334-A440-382B30BC1657}.Release|Any CPU.ActiveCfg = Release|Any CPU
		{C623823B-78B4-4334-A440-382B30BC1657}.Release|Any CPU.Build.0 = Release|Any CPU
		{C623823B-78B4-4334-A440-382B30BC1657}.Release|Mixed Platforms.ActiveCfg = Release|Any CPU
		{C623823B-78B4-4334-A440-382B30BC1657}.Release|Mixed Platforms.Build.0 = Release|Any CPU
		{C623823B-78B4-4334-A440-382B30BC1657}.Release|x86.ActiveCfg = Release|Any CPU
		{6E63643A-D25A-47A8-ABFA-8C673DD812BD}.Debug|Any CPU.ActiveCfg = Debug|x86
		{6E63643A-D25A-47A8-ABFA-8C673DD812BD}.Debug|Mixed Platforms.ActiveCfg = Debug|x86
		{6E63643A-D25A-47A8-ABFA-8C673DD812BD}.Debug|Mixed Platforms.Build.0 = Debug|x86
		{6E63643A-D25A-47A8-ABFA-8C673DD812BD}.Debug|x86.ActiveCfg = Debug|x86
		{6E63643A-D25A-47A8-ABFA-8C673DD812BD}.Debug|x86.Build.0 = Debug|x86
		{6E63643A-D25A-47A8-ABFA-8C673DD812BD}.Release|Any CPU.ActiveCfg = Release|x86
		{6E63643A-D25A-47A8-ABFA-8C673DD812BD}.Release|Mixed Platforms.ActiveCfg = Release|x86
		{6E63643A-D25A-47A8-ABFA-8C673DD812BD}.Release|Mixed Platforms.Build.0 = Release|x86
		{6E63643A-D25A-47A8-ABFA-8C673DD812BD}.Release|x86.ActiveCfg = Release|x86
		{6E63643A-D25A-47A8-ABFA-8C673DD812BD}.Release|x86.Build.0 = Release|x86
		{05C8B62C-E33A-49CA-BEE7-79178747C553}.Debug|Any CPU.ActiveCfg = Debug|Any CPU
		{05C8B62C-E33A-49CA-BEE7-79178747C553}.Debug|Any CPU.Build.0 = Debug|Any CPU
		{05C8B62C-E33A-49CA-BEE7-79178747C553}.Debug|Mixed Platforms.ActiveCfg = Debug|Any CPU
		{05C8B62C-E33A-49CA-BEE7-79178747C553}.Debug|Mixed Platforms.Build.0 = Debug|Any CPU
		{05C8B62C-E33A-49CA-BEE7-79178747C553}.Debug|x86.ActiveCfg = Debug|Any CPU
		{05C8B62C-E33A-49CA-BEE7-79178747C553}.Release|Any CPU.ActiveCfg = Release|Any CPU
		{05C8B62C-E33A-49CA-BEE7-79178747C553}.Release|Any CPU.Build.0 = Release|Any CPU
		{05C8B62C-E33A-49CA-BEE7-79178747C553}.Release|Mixed Platforms.ActiveCfg = Release|Any CPU
		{05C8B62C-E33A-49CA-BEE7-79178747C553}.Release|Mixed Platforms.Build.0 = Release|Any CPU
		{05C8B62C-E33A-49CA-BEE7-79178747C553}.Release|x86.ActiveCfg = Release|Any CPU
	EndGlobalSection
	GlobalSection(SolutionProperties) = preSolution
		HideSolutionNode = FALSE
	EndGlobalSection
EndGlobal
